
Microsoft Visual Studio Solution File, Format Version 12.00
# Visual Studio Version 17
VisualStudioVersion = 17.1.32421.90
MinimumVisualStudioVersion = 10.0.40219.1
Project("{FAE04EC0-301F-11D3-BF4B-00C04F79EFBC}") = "HospitalManagementSystem", "HospitalManagementSystem\HospitalManagementSystem.csproj", "{13357B3D-0C60-4FBC-BB11-D93C3D53B937}"
EndProject
Global
	GlobalSection(SolutionConfigurationPlatforms) = preSolution
		Debug|Any CPU = Debug|Any CPU
		Release|Any CPU = Release|Any CPU
	EndGlobalSection
	GlobalSection(ProjectConfigurationPlatforms) = postSolution
		{13357B3D-0C60-4FBC-BB11-D93C3D53B937}.Debug|Any CPU.ActiveCfg = Debug|Any CPU
		{13357B3D-0C60-4FBC-BB11-D93C3D53B937}.Debug|Any CPU.Build.0 = Debug|Any CPU
		{13357B3D-0C60-4FBC-BB11-D93C3D53B937}.Release|Any CPU.ActiveCfg = Release|Any CPU
		{13357B3D-0C60-4FBC-BB11-D93C3D53B937}.Release|Any CPU.Build.0 = Release|Any CPU
	EndGlobalSection
	GlobalSection(SolutionProperties) = preSolution
		HideSolutionNode = FALSE
	EndGlobalSection
	GlobalSection(ExtensibilityGlobals) = postSolution
		SolutionGuid = {034F204D-56CC-46D0-9EFA-23F17C415298}
	EndGlobalSection
EndGlobal
